
Microsoft Visual Studio Solution File, Format Version 12.00
# Visual Studio 2012
Project("{FAE04EC0-301F-11D3-BF4B-00C04F79EFBC}") = "WitCustomControls", "WitCustomControls\WitCustomControls.csproj", "{6B75556C-679E-494A-B4A8-C47ED7DE093C}"
EndProject
Project("{930C7802-8A8C-48F9-8165-68863BCCD9DD}") = "WitCustomControlWixSetup", "WitCustomControlWixSetup\WitCustomControlWixSetup.wixproj", "{6B9FB3DB-BCE1-4DE2-BA7A-D57FC2FF467A}"
EndProject
Project("{FAE04EC0-301F-11D3-BF4B-00C04F79EFBC}") = "WitCustomControls.WebAccess", "WitCustomControls.WebAccess\WitCustomControls.WebAccess.csproj", "{A4C71103-8309-47C1-9B25-B64CC0CE9E50}"
EndProject
Global
	GlobalSection(TeamFoundationVersionControl) = preSolution
		SccNumberOfProjects = 4
		SccEnterpriseProvider = {4CA58AB2-18FA-4F8D-95D4-32DDF27D184C}
		SccTeamFoundationServer = https://tfs.codeplex.com/tfs/tfs01
		SccLocalPath0 = .
		SccProjectUniqueName1 = WitCustomControls\\WitCustomControls.csproj
		SccProjectName1 = WitCustomControls
		SccLocalPath1 = WitCustomControls
		SccProjectUniqueName2 = WitCustomControlWixSetup\\WitCustomControlWixSetup.wixproj
		SccProjectName2 = WitCustomControlWixSetup
		SccLocalPath2 = WitCustomControlWixSetup
		SccProjectUniqueName3 = WitCustomControls.WebAccess\\WitCustomControls.WebAccess.csproj
		SccProjectName3 = WitCustomControls.WebAccess
		SccLocalPath3 = WitCustomControls.WebAccess
	EndGlobalSection
	GlobalSection(SolutionConfigurationPlatforms) = preSolution
		Debug|Any CPU = Debug|Any CPU
		Debug|Mixed Platforms = Debug|Mixed Platforms
		Debug|x86 = Debug|x86
		Release|Any CPU = Release|Any CPU
		Release|Mixed Platforms = Release|Mixed Platforms
		Release|x86 = Release|x86
	EndGlobalSection
	GlobalSection(ProjectConfigurationPlatforms) = postSolution
		{6B75556C-679E-494A-B4A8-C47ED7DE093C}.Debug|Any CPU.ActiveCfg = Debug|Any CPU
		{6B75556C-679E-494A-B4A8-C47ED7DE093C}.Debug|Any CPU.Build.0 = Debug|Any CPU
		{6B75556C-679E-494A-B4A8-C47ED7DE093C}.Debug|Mixed Platforms.ActiveCfg = Debug|Any CPU
		{6B75556C-679E-494A-B4A8-C47ED7DE093C}.Debug|Mixed Platforms.Build.0 = Debug|Any CPU
		{6B75556C-679E-494A-B4A8-C47ED7DE093C}.Debug|x86.ActiveCfg = Debug|Any CPU
		{6B75556C-679E-494A-B4A8-C47ED7DE093C}.Release|Any CPU.ActiveCfg = Release|Any CPU
		{6B75556C-679E-494A-B4A8-C47ED7DE093C}.Release|Any CPU.Build.0 = Release|Any CPU
		{6B75556C-679E-494A-B4A8-C47ED7DE093C}.Release|Mixed Platforms.ActiveCfg = Release|Any CPU
		{6B75556C-679E-494A-B4A8-C47ED7DE093C}.Release|Mixed Platforms.Build.0 = Release|Any CPU
		{6B75556C-679E-494A-B4A8-C47ED7DE093C}.Release|x86.ActiveCfg = Release|Any CPU
		{6B9FB3DB-BCE1-4DE2-BA7A-D57FC2FF467A}.Debug|Any CPU.ActiveCfg = Debug|x86
		{6B9FB3DB-BCE1-4DE2-BA7A-D57FC2FF467A}.Debug|Mixed Platforms.ActiveCfg = Debug|x86
		{6B9FB3DB-BCE1-4DE2-BA7A-D57FC2FF467A}.Debug|Mixed Platforms.Build.0 = Debug|x86
		{6B9FB3DB-BCE1-4DE2-BA7A-D57FC2FF467A}.Debug|x86.ActiveCfg = Debug|x86
		{6B9FB3DB-BCE1-4DE2-BA7A-D57FC2FF467A}.Debug|x86.Build.0 = Debug|x86
		{6B9FB3DB-BCE1-4DE2-BA7A-D57FC2FF467A}.Release|Any CPU.ActiveCfg = Release|x86
		{6B9FB3DB-BCE1-4DE2-BA7A-D57FC2FF467A}.Release|Any CPU.Build.0 = Release|x86
		{6B9FB3DB-BCE1-4DE2-BA7A-D57FC2FF467A}.Release|Mixed Platforms.ActiveCfg = Release|x86
		{6B9FB3DB-BCE1-4DE2-BA7A-D57FC2FF467A}.Release|Mixed Platforms.Build.0 = Release|x86
		{6B9FB3DB-BCE1-4DE2-BA7A-D57FC2FF467A}.Release|x86.ActiveCfg = Release|x86
		{6B9FB3DB-BCE1-4DE2-BA7A-D57FC2FF467A}.Release|x86.Build.0 = Release|x86
		{A4C71103-8309-47C1-9B25-B64CC0CE9E50}.Debug|Any CPU.ActiveCfg = Debug|Any CPU
		{A4C71103-8309-47C1-9B25-B64CC0CE9E50}.Debug|Mixed Platforms.ActiveCfg = Debug|Any CPU
		{A4C71103-8309-47C1-9B25-B64CC0CE9E50}.Debug|Mixed Platforms.Build.0 = Debug|Any CPU
		{A4C71103-8309-47C1-9B25-B64CC0CE9E50}.Debug|x86.ActiveCfg = Debug|Any CPU
		{A4C71103-8309-47C1-9B25-B64CC0CE9E50}.Release|Any CPU.ActiveCfg = Release|Any CPU
		{A4C71103-8309-47C1-9B25-B64CC0CE9E50}.Release|Mixed Platforms.ActiveCfg = Release|Any CPU
		{A4C71103-8309-47C1-9B25-B64CC0CE9E50}.Release|Mixed Platforms.Build.0 = Release|Any CPU
		{A4C71103-8309-47C1-9B25-B64CC0CE9E50}.Release|x86.ActiveCfg = Release|Any CPU
	EndGlobalSection
	GlobalSection(SolutionProperties) = preSolution
		HideSolutionNode = FALSE
	EndGlobalSection
EndGlobal
